
Microsoft Visual Studio Solution File, Format Version 12.00
# Visual Studio Version 16
VisualStudioVersion = 16.0.30002.166
MinimumVisualStudioVersion = 10.0.40219.1
Project("{9A19103F-16F7-4668-BE54-9A1E7A4F7556}") = "WebStore_2020", "WebStore_2020\WebStore_2020.csproj", "{F555F537-ECA3-4685-B471-29E3104A39D4}"
EndProject
Project("{9A19103F-16F7-4668-BE54-9A1E7A4F7556}") = "WebStore.DomainNew", "WebStore.DomainNew\WebStore.DomainNew.csproj", "{FB73AE62-0616-4626-A039-CA4470F33515}"
EndProject
Project("{9A19103F-16F7-4668-BE54-9A1E7A4F7556}") = "WebStore.DAL", "WebStore.DAL\WebStore.DAL.csproj", "{997D974B-7C22-4361-B934-506F238257E5}"
EndProject
Global
	GlobalSection(SolutionConfigurationPlatforms) = preSolution
		Debug|Any CPU = Debug|Any CPU
		Release|Any CPU = Release|Any CPU
	EndGlobalSection
	GlobalSection(ProjectConfigurationPlatforms) = postSolution
		{F555F537-ECA3-4685-B471-29E3104A39D4}.Debug|Any CPU.ActiveCfg = Debug|Any CPU
		{F555F537-ECA3-4685-B471-29E3104A39D4}.Debug|Any CPU.Build.0 = Debug|Any CPU
		{F555F537-ECA3-4685-B471-29E3104A39D4}.Release|Any CPU.ActiveCfg = Release|Any CPU
		{F555F537-ECA3-4685-B471-29E3104A39D4}.Release|Any CPU.Build.0 = Release|Any CPU
		{FB73AE62-0616-4626-A039-CA4470F33515}.Debug|Any CPU.ActiveCfg = Debug|Any CPU
		{FB73AE62-0616-4626-A039-CA4470F33515}.Debug|Any CPU.Build.0 = Debug|Any CPU
		{FB73AE62-0616-4626-A039-CA4470F33515}.Release|Any CPU.ActiveCfg = Release|Any CPU
		{FB73AE62-0616-4626-A039-CA4470F33515}.Release|Any CPU.Build.0 = Release|Any CPU
		{997D974B-7C22-4361-B934-506F238257E5}.Debug|Any CPU.ActiveCfg = Debug|Any CPU
		{997D974B-7C22-4361-B934-506F238257E5}.Debug|Any CPU.Build.0 = Debug|Any CPU
		{997D974B-7C22-4361-B934-506F238257E5}.Release|Any CPU.ActiveCfg = Release|Any CPU
		{997D974B-7C22-4361-B934-506F238257E5}.Release|Any CPU.Build.0 = Release|Any CPU
	EndGlobalSection
	GlobalSection(SolutionProperties) = preSolution
		HideSolutionNode = FALSE
	EndGlobalSection
	GlobalSection(ExtensibilityGlobals) = postSolution
		SolutionGuid = {B7019C46-BCD4-4AA0-8676-E131173CBE50}
	EndGlobalSection
EndGlobal
